// !$*UTF8*$!
{
	archiveVersion = 1;
	classes = {
	};
	objectVersion = 56;
	objects = {

/* Begin PBXBuildFile section */
		05DDA5832B3854FA0052B730 /* AppDelegate.swift in Sources */ = {isa = PBXBuildFile; fileRef = 05DDA5822B3854FA0052B730 /* AppDelegate.swift */; };
		05DDA5852B3854FA0052B730 /* SceneDelegate.swift in Sources */ = {isa = PBXBuildFile; fileRef = 05DDA5842B3854FA0052B730 /* SceneDelegate.swift */; };
		05DDA5872B3854FA0052B730 /* ViewController.swift in Sources */ = {isa = PBXBuildFile; fileRef = 05DDA5862B3854FA0052B730 /* ViewController.swift */; };
		05DDA58A2B3854FA0052B730 /* Main.storyboard in Resources */ = {isa = PBXBuildFile; fileRef = 05DDA5882B3854FA0052B730 /* Main.storyboard */; };
		05DDA58C2B3854FB0052B730 /* Assets.xcassets in Resources */ = {isa = PBXBuildFile; fileRef = 05DDA58B2B3854FB0052B730 /* Assets.xcassets */; };
		05DDA58F2B3854FB0052B730 /* LaunchScreen.storyboard in Resources */ = {isa = PBXBuildFile; fileRef = 05DDA58D2B3854FB0052B730 /* LaunchScreen.storyboard */; };
		05DDA5D92B3A6FD00052B730 /* AFramework.framework in Frameworks */ = {isa = PBXBuildFile; fileRef = 05DDA5AD2B38576F0052B730 /* AFramework.framework */; };
		05DDA5E12B3A81D30052B730 /* BFramework.framework in Frameworks */ = {isa = PBXBuildFile; fileRef = 05DDA5D42B38653A0052B730 /* BFramework.framework */; };
		05DDA5E22B3A81D30052B730 /* BFramework.framework in Embed Frameworks */ = {isa = PBXBuildFile; fileRef = 05DDA5D42B38653A0052B730 /* BFramework.framework */; settings = {ATTRIBUTES = (CodeSignOnCopy, RemoveHeadersOnCopy, ); }; };
		05DDA6172B3C904B0052B730 /* Shared.framework in Frameworks */ = {isa = PBXBuildFile; fileRef = 05DDA6162B3C904B0052B730 /* Shared.framework */; };
		05DDA6182B3C904B0052B730 /* Shared.framework in Embed Frameworks */ = {isa = PBXBuildFile; fileRef = 05DDA6162B3C904B0052B730 /* Shared.framework */; settings = {ATTRIBUTES = (CodeSignOnCopy, RemoveHeadersOnCopy, ); }; };
/* End PBXBuildFile section */

/* Begin PBXCopyFilesBuildPhase section */
		05DDA5E32B3A81D30052B730 /* Embed Frameworks */ = {
			isa = PBXCopyFilesBuildPhase;
			buildActionMask = 2147483647;
			dstPath = "";
			dstSubfolderSpec = 10;
			files = (
				05DDA5E22B3A81D30052B730 /* BFramework.framework in Embed Frameworks */,
				05DDA6182B3C904B0052B730 /* Shared.framework in Embed Frameworks */,
			);
			name = "Embed Frameworks";
			runOnlyForDeploymentPostprocessing = 0;
		};
/* End PBXCopyFilesBuildPhase section */

/* Begin PBXFileReference section */
		05DDA57F2B3854FA0052B730 /* MyApp.app */ = {isa = PBXFileReference; explicitFileType = wrapper.application; includeInIndex = 0; path = MyApp.app; sourceTree = BUILT_PRODUCTS_DIR; };
		05DDA5822B3854FA0052B730 /* AppDelegate.swift */ = {isa = PBXFileReference; lastKnownFileType = sourcecode.swift; path = AppDelegate.swift; sourceTree = "<group>"; };
		05DDA5842B3854FA0052B730 /* SceneDelegate.swift */ = {isa = PBXFileReference; lastKnownFileType = sourcecode.swift; path = SceneDelegate.swift; sourceTree = "<group>"; };
		05DDA5862B3854FA0052B730 /* ViewController.swift */ = {isa = PBXFileReference; lastKnownFileType = sourcecode.swift; path = ViewController.swift; sourceTree = "<group>"; };
		05DDA5892B3854FA0052B730 /* Base */ = {isa = PBXFileReference; lastKnownFileType = file.storyboard; name = Base; path = Base.lproj/Main.storyboard; sourceTree = "<group>"; };
		05DDA58B2B3854FB0052B730 /* Assets.xcassets */ = {isa = PBXFileReference; lastKnownFileType = folder.assetcatalog; path = Assets.xcassets; sourceTree = "<group>"; };
		05DDA58E2B3854FB0052B730 /* Base */ = {isa = PBXFileReference; lastKnownFileType = file.storyboard; name = Base; path = Base.lproj/LaunchScreen.storyboard; sourceTree = "<group>"; };
		05DDA5902B3854FB0052B730 /* Info.plist */ = {isa = PBXFileReference; lastKnownFileType = text.plist.xml; path = Info.plist; sourceTree = "<group>"; };
		05DDA5AD2B38576F0052B730 /* AFramework.framework */ = {isa = PBXFileReference; explicitFileType = wrapper.framework; path = AFramework.framework; sourceTree = BUILT_PRODUCTS_DIR; };
		05DDA5D42B38653A0052B730 /* BFramework.framework */ = {isa = PBXFileReference; explicitFileType = wrapper.framework; path = BFramework.framework; sourceTree = BUILT_PRODUCTS_DIR; };
		05DDA6162B3C904B0052B730 /* Shared.framework */ = {isa = PBXFileReference; explicitFileType = wrapper.framework; path = Shared.framework; sourceTree = BUILT_PRODUCTS_DIR; };
/* End PBXFileReference section */

/* Begin PBXFrameworksBuildPhase section */
		05DDA57C2B3854FA0052B730 /* Frameworks */ = {
			isa = PBXFrameworksBuildPhase;
			buildActionMask = 2147483647;
			files = (
				05DDA5E12B3A81D30052B730 /* BFramework.framework in Frameworks */,
				05DDA6172B3C904B0052B730 /* Shared.framework in Frameworks */,
				05DDA5D92B3A6FD00052B730 /* AFramework.framework in Frameworks */,
			);
			runOnlyForDeploymentPostprocessing = 0;
		};
/* End PBXFrameworksBuildPhase section */

/* Begin PBXGroup section */
		05DDA5762B3854FA0052B730 = {
			isa = PBXGroup;
			children = (
				05DDA5812B3854FA0052B730 /* MyApp */,
				05DDA5802B3854FA0052B730 /* Products */,
				05DDA5AC2B38576F0052B730 /* Frameworks */,
			);
			sourceTree = "<group>";
		};
		05DDA5802B3854FA0052B730 /* Products */ = {
			isa = PBXGroup;
			children = (
				05DDA57F2B3854FA0052B730 /* MyApp.app */,
			);
			name = Products;
			sourceTree = "<group>";
		};
		05DDA5812B3854FA0052B730 /* MyApp */ = {
			isa = PBXGroup;
			children = (
				05DDA5822B3854FA0052B730 /* AppDelegate.swift */,
				05DDA5842B3854FA0052B730 /* SceneDelegate.swift */,
				05DDA5862B3854FA0052B730 /* ViewController.swift */,
				05DDA5882B3854FA0052B730 /* Main.storyboard */,
				05DDA58B2B3854FB0052B730 /* Assets.xcassets */,
				05DDA58D2B3854FB0052B730 /* LaunchScreen.storyboard */,
				05DDA5902B3854FB0052B730 /* Info.plist */,
			);
			path = MyApp;
			sourceTree = "<group>";
		};
		05DDA5AC2B38576F0052B730 /* Frameworks */ = {
			isa = PBXGroup;
			children = (
				05DDA6162B3C904B0052B730 /* Shared.framework */,
				05DDA5D42B38653A0052B730 /* BFramework.framework */,
				05DDA5AD2B38576F0052B730 /* AFramework.framework */,
			);
			name = Frameworks;
			sourceTree = "<group>";
		};
/* End PBXGroup section */

/* Begin PBXNativeTarget section */
		05DDA57E2B3854FA0052B730 /* MyApp */ = {
			isa = PBXNativeTarget;
			buildConfigurationList = 05DDA5932B3854FB0052B730 /* Build configuration list for PBXNativeTarget "MyApp" */;
			buildPhases = (
				05DDA57B2B3854FA0052B730 /* Sources */,
				05DDA57C2B3854FA0052B730 /* Frameworks */,
				05DDA57D2B3854FA0052B730 /* Resources */,
				05DDA5E32B3A81D30052B730 /* Embed Frameworks */,
			);
			buildRules = (
			);
			dependencies = (
			);
			name = MyApp;
			productName = MyApp;
			productReference = 05DDA57F2B3854FA0052B730 /* MyApp.app */;
			productType = "com.apple.product-type.application";
		};
/* End PBXNativeTarget section */

/* Begin PBXProject section */
		05DDA5772B3854FA0052B730 /* Project object */ = {
			isa = PBXProject;
			attributes = {
				BuildIndependentTargetsInParallel = 1;
				LastSwiftUpdateCheck = 1430;
				LastUpgradeCheck = 1430;
				TargetAttributes = {
					05DDA57E2B3854FA0052B730 = {
						CreatedOnToolsVersion = 14.3.1;
					};
				};
			};
			buildConfigurationList = 05DDA57A2B3854FA0052B730 /* Build configuration list for PBXProject "MyApp" */;
			compatibilityVersion = "Xcode 14.0";
			developmentRegion = en;
			hasScannedForEncodings = 0;
			knownRegions = (
				en,
				Base,
			);
			mainGroup = 05DDA5762B3854FA0052B730;
			productRefGroup = 05DDA5802B3854FA0052B730 /* Products */;
			projectDirPath = "";
			projectRoot = "";
			targets = (
				05DDA57E2B3854FA0052B730 /* MyApp */,
			);
		};
/* End PBXProject section */

/* Begin PBXResourcesBuildPhase section */
		05DDA57D2B3854FA0052B730 /* Resources */ = {
			isa = PBXResourcesBuildPhase;
			buildActionMask = 2147483647;
			files = (
				05DDA58F2B3854FB0052B730 /* LaunchScreen.storyboard in Resources */,
				05DDA58C2B3854FB0052B730 /* Assets.xcassets in Resources */,
				05DDA58A2B3854FA0052B730 /* Main.storyboard in Resources */,
			);
			runOnlyForDeploymentPostprocessing = 0;
		};
/* End PBXResourcesBuildPhase section */

/* Begin PBXSourcesBuildPhase section */
		05DDA57B2B3854FA0052B730 /* Sources */ = {
			isa = PBXSourcesBuildPhase;
			buildActionMask = 2147483647;
			files = (
				05DDA5872B3854FA0052B730 /* ViewController.swift in Sources */,
				05DDA5832B3854FA0052B730 /* AppDelegate.swift in Sources */,
				05DDA5852B3854FA0052B730 /* SceneDelegate.swift in Sources */,
			);
			runOnlyForDeploymentPostprocessing = 0;
		};
/* End PBXSourcesBuildPhase section */

/* Begin PBXVariantGroup section */
		05DDA5882B3854FA0052B730 /* Main.storyboard */ = {
			isa = PBXVariantGroup;
			children = (
				05DDA5892B3854FA0052B730 /* Base */,
			);
			name = Main.storyboard;
			sourceTree = "<group>";
		};
		05DDA58D2B3854FB0052B730 /* LaunchScreen.storyboard */ = {
			isa = PBXVariantGroup;
			children = (
				05DDA58E2B3854FB0052B730 /* Base */,
			);
			name = LaunchScreen.storyboard;
			sourceTree = "<group>";
		};
/* End PBXVariantGroup section */

/* Begin XCBuildConfiguration section */
		05DDA5912B3854FB0052B730 /* Debug */ = {
			isa = XCBuildConfiguration;
			buildSettings = {
				ALWAYS_SEARCH_USER_PATHS = NO;
				CLANG_ANALYZER_NONNULL = YES;
				CLANG_ANALYZER_NUMBER_OBJECT_CONVERSION = YES_AGGRESSIVE;
				CLANG_CXX_LANGUAGE_STANDARD = "gnu++20";
				CLANG_ENABLE_MODULES = YES;
				CLANG_ENABLE_OBJC_ARC = YES;
				CLANG_ENABLE_OBJC_WEAK = YES;
				CLANG_WARN_BLOCK_CAPTURE_AUTORELEASING = YES;
				CLANG_WARN_BOOL_CONVERSION = YES;
				CLANG_WARN_COMMA = YES;
				CLANG_WARN_CONSTANT_CONVERSION = YES;
				CLANG_WARN_DEPRECATED_OBJC_IMPLEMENTATIONS = YES;
				CLANG_WARN_DIRECT_OBJC_ISA_USAGE = YES_ERROR;
				CLANG_WARN_DOCUMENTATION_COMMENTS = YES;
				CLANG_WARN_EMPTY_BODY = YES;
				CLANG_WARN_ENUM_CONVERSION = YES;
				CLANG_WARN_INFINITE_RECURSION = YES;
				CLANG_WARN_INT_CONVERSION = YES;
				CLANG_WARN_NON_LITERAL_NULL_CONVERSION = YES;
				CLANG_WARN_OBJC_IMPLICIT_RETAIN_SELF = YES;
				CLANG_WARN_OBJC_LITERAL_CONVERSION = YES;
				CLANG_WARN_OBJC_ROOT_CLASS = YES_ERROR;
				CLANG_WARN_QUOTED_INCLUDE_IN_FRAMEWORK_HEADER = YES;
				CLANG_WARN_RANGE_LOOP_ANALYSIS = YES;
				CLANG_WARN_STRICT_PROTOTYPES = YES;
				CLANG_WARN_SUSPICIOUS_MOVE = YES;
				CLANG_WARN_UNGUARDED_AVAILABILITY = YES_AGGRESSIVE;
				CLANG_WARN_UNREACHABLE_CODE = YES;
				CLANG_WARN__DUPLICATE_METHOD_MATCH = YES;
				COPY_PHASE_STRIP = NO;
				DEBUG_INFORMATION_FORMAT = dwarf;
				ENABLE_STRICT_OBJC_MSGSEND = YES;
				ENABLE_TESTABILITY = YES;
				GCC_C_LANGUAGE_STANDARD = gnu11;
				GCC_DYNAMIC_NO_PIC = NO;
				GCC_NO_COMMON_BLOCKS = YES;
				GCC_OPTIMIZATION_LEVEL = 0;
				GCC_PREPROCESSOR_DEFINITIONS = (
					"DEBUG=1",
					"$(inherited)",
				);
				GCC_WARN_64_TO_32_BIT_CONVERSION = YES;
				GCC_WARN_ABOUT_RETURN_TYPE = YES_ERROR;
				GCC_WARN_UNDECLARED_SELECTOR = YES;
				GCC_WARN_UNINITIALIZED_AUTOS = YES_AGGRESSIVE;
				GCC_WARN_UNUSED_FUNCTION = YES;
				GCC_WARN_UNUSED_VARIABLE = YES;
				IPHONEOS_DEPLOYMENT_TARGET = 16.4;
				MTL_ENABLE_DEBUG_INFO = INCLUDE_SOURCE;
				MTL_FAST_MATH = YES;
				ONLY_ACTIVE_ARCH = YES;
				SDKROOT = iphoneos;
				SWIFT_ACTIVE_COMPILATION_CONDITIONS = DEBUG;
				SWIFT_OPTIMIZATION_LEVEL = "-Onone";
			};
			name = Debug;
		};
		05DDA5922B3854FB0052B730 /* Release */ = {
			isa = XCBuildConfiguration;
			buildSettings = {
				ALWAYS_SEARCH_USER_PATHS = NO;
				CLANG_ANALYZER_NONNULL = YES;
				CLANG_ANALYZER_NUMBER_OBJECT_CONVERSION = YES_AGGRESSIVE;
				CLANG_CXX_LANGUAGE_STANDARD = "gnu++20";
				CLANG_ENABLE_MODULES = YES;
				CLANG_ENABLE_OBJC_ARC = YES;
				CLANG_ENABLE_OBJC_WEAK = YES;
				CLANG_WARN_BLOCK_CAPTURE_AUTORELEASING = YES;
				CLANG_WARN_BOOL_CONVERSION = YES;
				CLANG_WARN_COMMA = YES;
				CLANG_WARN_CONSTANT_CONVERSION = YES;
				CLANG_WARN_DEPRECATED_OBJC_IMPLEMENTATIONS = YES;
				CLANG_WARN_DIRECT_OBJC_ISA_USAGE = YES_ERROR;
				CLANG_WARN_DOCUMENTATION_COMMENTS = YES;
				CLANG_WARN_EMPTY_BODY = YES;
				CLANG_WARN_ENUM_CONVERSION = YES;
				CLANG_WARN_INFINITE_RECURSION = YES;
				CLANG_WARN_INT_CONVERSION = YES;
				CLANG_WARN_NON_LITERAL_NULL_CONVERSION = YES;
				CLANG_WARN_OBJC_IMPLICIT_RETAIN_SELF = YES;
				CLANG_WARN_OBJC_LITERAL_CONVERSION = YES;
				CLANG_WARN_OBJC_ROOT_CLASS = YES_ERROR;
				CLANG_WARN_QUOTED_INCLUDE_IN_FRAMEWORK_HEADER = YES;
				CLANG_WARN_RANGE_LOOP_ANALYSIS = YES;
				CLANG_WARN_STRICT_PROTOTYPES = YES;
				CLANG_WARN_SUSPICIOUS_MOVE = YES;
				CLANG_WARN_UNGUARDED_AVAILABILITY = YES_AGGRESSIVE;
				CLANG_WARN_UNREACHABLE_CODE = YES;
				CLANG_WARN__DUPLICATE_METHOD_MATCH = YES;
				COPY_PHASE_STRIP = NO;
				DEBUG_INFORMATION_FORMAT = "dwarf-with-dsym";
				ENABLE_NS_ASSERTIONS = NO;
				ENABLE_STRICT_OBJC_MSGSEND = YES;
				GCC_C_LANGUAGE_STANDARD = gnu11;
				GCC_NO_COMMON_BLOCKS = YES;
				GCC_WARN_64_TO_32_BIT_CONVERSION = YES;
				GCC_WARN_ABOUT_RETURN_TYPE = YES_ERROR;
				GCC_WARN_UNDECLARED_SELECTOR = YES;
				GCC_WARN_UNINITIALIZED_AUTOS = YES_AGGRESSIVE;
				GCC_WARN_UNUSED_FUNCTION = YES;
				GCC_WARN_UNUSED_VARIABLE = YES;
				IPHONEOS_DEPLOYMENT_TARGET = 16.4;
				MTL_ENABLE_DEBUG_INFO = NO;
				MTL_FAST_MATH = YES;
				SDKROOT = iphoneos;
				SWIFT_COMPILATION_MODE = wholemodule;
				SWIFT_OPTIMIZATION_LEVEL = "-O";
				VALIDATE_PRODUCT = YES;
			};
			name = Release;
		};
		05DDA5942B3854FB0052B730 /* Debug */ = {
			isa = XCBuildConfiguration;
			buildSettings = {
				ASSETCATALOG_COMPILER_APPICON_NAME = AppIcon;
				ASSETCATALOG_COMPILER_GLOBAL_ACCENT_COLOR_NAME = AccentColor;
				CODE_SIGN_STYLE = Automatic;
				CURRENT_PROJECT_VERSION = 1;
				DEVELOPMENT_TEAM = 8Y94852757;
				GENERATE_INFOPLIST_FILE = YES;
				INFOPLIST_FILE = MyApp/Info.plist;
				INFOPLIST_KEY_UIApplicationSupportsIndirectInputEvents = YES;
				INFOPLIST_KEY_UILaunchStoryboardName = LaunchScreen;
				INFOPLIST_KEY_UISupportedInterfaceOrientations_iPad = "UIInterfaceOrientationPortrait UIInterfaceOrientationPortraitUpsideDown UIInterfaceOrientationLandscapeLeft UIInterfaceOrientationLandscapeRight";
				INFOPLIST_KEY_UISupportedInterfaceOrientations_iPhone = "UIInterfaceOrientationPortrait UIInterfaceOrientationLandscapeLeft UIInterfaceOrientationLandscapeRight";
				LD_RUNPATH_SEARCH_PATHS = (
					"$(inherited)",
					"@executable_path/Frameworks",
				);
				MARKETING_VERSION = 1.0;
				PRODUCT_BUNDLE_IDENTIFIER = com.playhong16.MyApp;
				PRODUCT_NAME = "$(TARGET_NAME)";
				SWIFT_EMIT_LOC_STRINGS = YES;
				SWIFT_VERSION = 5.0;
				TARGETED_DEVICE_FAMILY = "1,2";
			};
			name = Debug;
		};
		05DDA5952B3854FB0052B730 /* Release */ = {
			isa = XCBuildConfiguration;
			buildSettings = {
				ASSETCATALOG_COMPILER_APPICON_NAME = AppIcon;
				ASSETCATALOG_COMPILER_GLOBAL_ACCENT_COLOR_NAME = AccentColor;
				CODE_SIGN_STYLE = Automatic;
				CURRENT_PROJECT_VERSION = 1;
				DEVELOPMENT_TEAM = 8Y94852757;
				GENERATE_INFOPLIST_FILE = YES;
				INFOPLIST_FILE = MyApp/Info.plist;
				INFOPLIST_KEY_UIApplicationSupportsIndirectInputEvents = YES;
				INFOPLIST_KEY_UILaunchStoryboardName = LaunchScreen;
				INFOPLIST_KEY_UISupportedInterfaceOrientations_iPad = "UIInterfaceOrientationPortrait UIInterfaceOrientationPortraitUpsideDown UIInterfaceOrientationLandscapeLeft UIInterfaceOrientationLandscapeRight";
				INFOPLIST_KEY_UISupportedInterfaceOrientations_iPhone = "UIInterfaceOrientationPortrait UIInterfaceOrientationLandscapeLeft UIInterfaceOrientationLandscapeRight";
				LD_RUNPATH_SEARCH_PATHS = (
					"$(inherited)",
					"@executable_path/Frameworks",
				);
				MARKETING_VERSION = 1.0;
				PRODUCT_BUNDLE_IDENTIFIER = com.playhong16.MyApp;
				PRODUCT_NAME = "$(TARGET_NAME)";
				SWIFT_EMIT_LOC_STRINGS = YES;
				SWIFT_VERSION = 5.0;
				TARGETED_DEVICE_FAMILY = "1,2";
			};
			name = Release;
		};
/* End XCBuildConfiguration section */

/* Begin XCConfigurationList section */
		05DDA57A2B3854FA0052B730 /* Build configuration list for PBXProject "MyApp" */ = {
			isa = XCConfigurationList;
			buildConfigurations = (
				05DDA5912B3854FB0052B730 /* Debug */,
				05DDA5922B3854FB0052B730 /* Release */,
			);
			defaultConfigurationIsVisible = 0;
			defaultConfigurationName = Release;
		};
		05DDA5932B3854FB0052B730 /* Build configuration list for PBXNativeTarget "MyApp" */ = {
			isa = XCConfigurationList;
			buildConfigurations = (
				05DDA5942B3854FB0052B730 /* Debug */,
				05DDA5952B3854FB0052B730 /* Release */,
			);
			defaultConfigurationIsVisible = 0;
			defaultConfigurationName = Release;
		};
/* End XCConfigurationList section */
	};
	rootObject = 05DDA5772B3854FA0052B730 /* Project object */;
}
